
Microsoft Visual Studio Solution File, Format Version 12.00
# Visual Studio Version 16
VisualStudioVersion = 16.0.30225.117
MinimumVisualStudioVersion = 10.0.40219.1
Project("{FAE04EC0-301F-11D3-BF4B-00C04F79EFBC}") = "Addition Input From User", "Addition Input From User\Addition Input From User.csproj", "{CBA8256F-313A-4341-999D-26E4996C59D2}"
EndProject
Global
	GlobalSection(SolutionConfigurationPlatforms) = preSolution
		Debug|Any CPU = Debug|Any CPU
		Release|Any CPU = Release|Any CPU
	EndGlobalSection
	GlobalSection(ProjectConfigurationPlatforms) = postSolution
		{CBA8256F-313A-4341-999D-26E4996C59D2}.Debug|Any CPU.ActiveCfg = Debug|Any CPU
		{CBA8256F-313A-4341-999D-26E4996C59D2}.Debug|Any CPU.Build.0 = Debug|Any CPU
		{CBA8256F-313A-4341-999D-26E4996C59D2}.Release|Any CPU.ActiveCfg = Release|Any CPU
		{CBA8256F-313A-4341-999D-26E4996C59D2}.Release|Any CPU.Build.0 = Release|Any CPU
	EndGlobalSection
	GlobalSection(SolutionProperties) = preSolution
		HideSolutionNode = FALSE
	EndGlobalSection
	GlobalSection(ExtensibilityGlobals) = postSolution
		SolutionGuid = {164370B2-FDC9-4684-8BF0-F6370F6D67AA}
	EndGlobalSection
EndGlobal
